// !$*UTF8*$!
{
	archiveVersion = 1;
	classes = {
	};
	objectVersion = 50;
	objects = {

/* Begin PBXBuildFile section */
		F43F32B025E1A462009D0DD3 /* alphabet.txt in Resources */ = {isa = PBXBuildFile; fileRef = F43F32AF25E1A462009D0DD3 /* alphabet.txt */; };
		F43F32B325E1A467009D0DD3 /* hangmanGame.txt in Resources */ = {isa = PBXBuildFile; fileRef = F43F32B225E1A467009D0DD3 /* hangmanGame.txt */; };
		F47CC6EC25DBEFB300B3532D /* AppDelegate.swift in Sources */ = {isa = PBXBuildFile; fileRef = F47CC6EB25DBEFB300B3532D /* AppDelegate.swift */; };
		F47CC6EE25DBEFB300B3532D /* SceneDelegate.swift in Sources */ = {isa = PBXBuildFile; fileRef = F47CC6ED25DBEFB300B3532D /* SceneDelegate.swift */; };
		F47CC6F025DBEFB300B3532D /* ViewController.swift in Sources */ = {isa = PBXBuildFile; fileRef = F47CC6EF25DBEFB300B3532D /* ViewController.swift */; };
		F47CC6F325DBEFB300B3532D /* Main.storyboard in Resources */ = {isa = PBXBuildFile; fileRef = F47CC6F125DBEFB300B3532D /* Main.storyboard */; };
		F47CC6F525DBEFB600B3532D /* Assets.xcassets in Resources */ = {isa = PBXBuildFile; fileRef = F47CC6F425DBEFB600B3532D /* Assets.xcassets */; };
		F47CC6F825DBEFB600B3532D /* LaunchScreen.storyboard in Resources */ = {isa = PBXBuildFile; fileRef = F47CC6F625DBEFB600B3532D /* LaunchScreen.storyboard */; };
/* End PBXBuildFile section */

/* Begin PBXFileReference section */
		F43F32AF25E1A462009D0DD3 /* alphabet.txt */ = {isa = PBXFileReference; fileEncoding = 4; lastKnownFileType = text; path = alphabet.txt; sourceTree = "<group>"; };
		F43F32B225E1A467009D0DD3 /* hangmanGame.txt */ = {isa = PBXFileReference; fileEncoding = 4; lastKnownFileType = text; path = hangmanGame.txt; sourceTree = "<group>"; };
		F47CC6E825DBEFB300B3532D /* Consolidation4.app */ = {isa = PBXFileReference; explicitFileType = wrapper.application; includeInIndex = 0; path = Consolidation4.app; sourceTree = BUILT_PRODUCTS_DIR; };
		F47CC6EB25DBEFB300B3532D /* AppDelegate.swift */ = {isa = PBXFileReference; lastKnownFileType = sourcecode.swift; path = AppDelegate.swift; sourceTree = "<group>"; };
		F47CC6ED25DBEFB300B3532D /* SceneDelegate.swift */ = {isa = PBXFileReference; lastKnownFileType = sourcecode.swift; path = SceneDelegate.swift; sourceTree = "<group>"; };
		F47CC6EF25DBEFB300B3532D /* ViewController.swift */ = {isa = PBXFileReference; lastKnownFileType = sourcecode.swift; path = ViewController.swift; sourceTree = "<group>"; };
		F47CC6F225DBEFB300B3532D /* Base */ = {isa = PBXFileReference; lastKnownFileType = file.storyboard; name = Base; path = Base.lproj/Main.storyboard; sourceTree = "<group>"; };
		F47CC6F425DBEFB600B3532D /* Assets.xcassets */ = {isa = PBXFileReference; lastKnownFileType = folder.assetcatalog; path = Assets.xcassets; sourceTree = "<group>"; };
		F47CC6F725DBEFB600B3532D /* Base */ = {isa = PBXFileReference; lastKnownFileType = file.storyboard; name = Base; path = Base.lproj/LaunchScreen.storyboard; sourceTree = "<group>"; };
		F47CC6F925DBEFB600B3532D /* Info.plist */ = {isa = PBXFileReference; lastKnownFileType = text.plist.xml; path = Info.plist; sourceTree = "<group>"; };
		F47CC70025DBEFDB00B3532D /* README.md */ = {isa = PBXFileReference; lastKnownFileType = net.daringfireball.markdown; path = README.md; sourceTree = "<group>"; };
/* End PBXFileReference section */

/* Begin PBXFrameworksBuildPhase section */
		F47CC6E525DBEFB300B3532D /* Frameworks */ = {
			isa = PBXFrameworksBuildPhase;
			buildActionMask = 2147483647;
			files = (
			);
			runOnlyForDeploymentPostprocessing = 0;
		};
/* End PBXFrameworksBuildPhase section */

/* Begin PBXGroup section */
		F47CC6DF25DBEFB300B3532D = {
			isa = PBXGroup;
			children = (
				F47CC6EA25DBEFB300B3532D /* Consolidation4 */,
				F47CC6E925DBEFB300B3532D /* Products */,
			);
			sourceTree = "<group>";
		};
		F47CC6E925DBEFB300B3532D /* Products */ = {
			isa = PBXGroup;
			children = (
				F47CC6E825DBEFB300B3532D /* Consolidation4.app */,
			);
			name = Products;
			sourceTree = "<group>";
		};
		F47CC6EA25DBEFB300B3532D /* Consolidation4 */ = {
			isa = PBXGroup;
			children = (
				F47CC6EB25DBEFB300B3532D /* AppDelegate.swift */,
				F47CC6ED25DBEFB300B3532D /* SceneDelegate.swift */,
				F47CC6EF25DBEFB300B3532D /* ViewController.swift */,
				F47CC6F125DBEFB300B3532D /* Main.storyboard */,
				F43F32AF25E1A462009D0DD3 /* alphabet.txt */,
				F43F32B225E1A467009D0DD3 /* hangmanGame.txt */,
				F47CC6F425DBEFB600B3532D /* Assets.xcassets */,
				F47CC6F625DBEFB600B3532D /* LaunchScreen.storyboard */,
				F47CC6F925DBEFB600B3532D /* Info.plist */,
				F47CC70025DBEFDB00B3532D /* README.md */,
			);
			path = Consolidation4;
			sourceTree = "<group>";
		};
/* End PBXGroup section */

/* Begin PBXNativeTarget section */
		F47CC6E725DBEFB300B3532D /* Consolidation4 */ = {
			isa = PBXNativeTarget;
			buildConfigurationList = F47CC6FC25DBEFB600B3532D /* Build configuration list for PBXNativeTarget "Consolidation4" */;
			buildPhases = (
				F47CC6E425DBEFB300B3532D /* Sources */,
				F47CC6E525DBEFB300B3532D /* Frameworks */,
				F47CC6E625DBEFB300B3532D /* Resources */,
			);
			buildRules = (
			);
			dependencies = (
			);
			name = Consolidation4;
			productName = Consolidation4;
			productReference = F47CC6E825DBEFB300B3532D /* Consolidation4.app */;
			productType = "com.apple.product-type.application";
		};
/* End PBXNativeTarget section */

/* Begin PBXProject section */
		F47CC6E025DBEFB300B3532D /* Project object */ = {
			isa = PBXProject;
			attributes = {
				LastSwiftUpdateCheck = 1240;
				LastUpgradeCheck = 1240;
				TargetAttributes = {
					F47CC6E725DBEFB300B3532D = {
						CreatedOnToolsVersion = 12.4;
					};
				};
			};
			buildConfigurationList = F47CC6E325DBEFB300B3532D /* Build configuration list for PBXProject "Consolidation4" */;
			compatibilityVersion = "Xcode 9.3";
			developmentRegion = en;
			hasScannedForEncodings = 0;
			knownRegions = (
				en,
				Base,
			);
			mainGroup = F47CC6DF25DBEFB300B3532D;
			productRefGroup = F47CC6E925DBEFB300B3532D /* Products */;
			projectDirPath = "";
			projectRoot = "";
			targets = (
				F47CC6E725DBEFB300B3532D /* Consolidation4 */,
			);
		};
/* End PBXProject section */

/* Begin PBXResourcesBuildPhase section */
		F47CC6E625DBEFB300B3532D /* Resources */ = {
			isa = PBXResourcesBuildPhase;
			buildActionMask = 2147483647;
			files = (
				F43F32B325E1A467009D0DD3 /* hangmanGame.txt in Resources */,
				F47CC6F825DBEFB600B3532D /* LaunchScreen.storyboard in Resources */,
				F47CC6F525DBEFB600B3532D /* Assets.xcassets in Resources */,
				F47CC6F325DBEFB300B3532D /* Main.storyboard in Resources */,
				F43F32B025E1A462009D0DD3 /* alphabet.txt in Resources */,
			);
			runOnlyForDeploymentPostprocessing = 0;
		};
/* End PBXResourcesBuildPhase section */

/* Begin PBXSourcesBuildPhase section */
		F47CC6E425DBEFB300B3532D /* Sources */ = {
			isa = PBXSourcesBuildPhase;
			buildActionMask = 2147483647;
			files = (
				F47CC6F025DBEFB300B3532D /* ViewController.swift in Sources */,
				F47CC6EC25DBEFB300B3532D /* AppDelegate.swift in Sources */,
				F47CC6EE25DBEFB300B3532D /* SceneDelegate.swift in Sources */,
			);
			runOnlyForDeploymentPostprocessing = 0;
		};
/* End PBXSourcesBuildPhase section */

/* Begin PBXVariantGroup section */
		F47CC6F125DBEFB300B3532D /* Main.storyboard */ = {
			isa = PBXVariantGroup;
			children = (
				F47CC6F225DBEFB300B3532D /* Base */,
			);
			name = Main.storyboard;
			sourceTree = "<group>";
		};
		F47CC6F625DBEFB600B3532D /* LaunchScreen.storyboard */ = {
			isa = PBXVariantGroup;
			children = (
				F47CC6F725DBEFB600B3532D /* Base */,
			);
			name = LaunchScreen.storyboard;
			sourceTree = "<group>";
		};
/* End PBXVariantGroup section */

/* Begin XCBuildConfiguration section */
		F47CC6FA25DBEFB600B3532D /* Debug */ = {
			isa = XCBuildConfiguration;
			buildSettings = {
				ALWAYS_SEARCH_USER_PATHS = NO;
				CLANG_ANALYZER_NONNULL = YES;
				CLANG_ANALYZER_NUMBER_OBJECT_CONVERSION = YES_AGGRESSIVE;
				CLANG_CXX_LANGUAGE_STANDARD = "gnu++14";
				CLANG_CXX_LIBRARY = "libc++";
				CLANG_ENABLE_MODULES = YES;
				CLANG_ENABLE_OBJC_ARC = YES;
				CLANG_ENABLE_OBJC_WEAK = YES;
				CLANG_WARN_BLOCK_CAPTURE_AUTORELEASING = YES;
				CLANG_WARN_BOOL_CONVERSION = YES;
				CLANG_WARN_COMMA = YES;
				CLANG_WARN_CONSTANT_CONVERSION = YES;
				CLANG_WARN_DEPRECATED_OBJC_IMPLEMENTATIONS = YES;
				CLANG_WARN_DIRECT_OBJC_ISA_USAGE = YES_ERROR;
				CLANG_WARN_DOCUMENTATION_COMMENTS = YES;
				CLANG_WARN_EMPTY_BODY = YES;
				CLANG_WARN_ENUM_CONVERSION = YES;
				CLANG_WARN_INFINITE_RECURSION = YES;
				CLANG_WARN_INT_CONVERSION = YES;
				CLANG_WARN_NON_LITERAL_NULL_CONVERSION = YES;
				CLANG_WARN_OBJC_IMPLICIT_RETAIN_SELF = YES;
				CLANG_WARN_OBJC_LITERAL_CONVERSION = YES;
				CLANG_WARN_OBJC_ROOT_CLASS = YES_ERROR;
				CLANG_WARN_QUOTED_INCLUDE_IN_FRAMEWORK_HEADER = YES;
				CLANG_WARN_RANGE_LOOP_ANALYSIS = YES;
				CLANG_WARN_STRICT_PROTOTYPES = YES;
				CLANG_WARN_SUSPICIOUS_MOVE = YES;
				CLANG_WARN_UNGUARDED_AVAILABILITY = YES_AGGRESSIVE;
				CLANG_WARN_UNREACHABLE_CODE = YES;
				CLANG_WARN__DUPLICATE_METHOD_MATCH = YES;
				COPY_PHASE_STRIP = NO;
				DEBUG_INFORMATION_FORMAT = dwarf;
				ENABLE_STRICT_OBJC_MSGSEND = YES;
				ENABLE_TESTABILITY = YES;
				GCC_C_LANGUAGE_STANDARD = gnu11;
				GCC_DYNAMIC_NO_PIC = NO;
				GCC_NO_COMMON_BLOCKS = YES;
				GCC_OPTIMIZATION_LEVEL = 0;
				GCC_PREPROCESSOR_DEFINITIONS = (
					"DEBUG=1",
					"$(inherited)",
				);
				GCC_WARN_64_TO_32_BIT_CONVERSION = YES;
				GCC_WARN_ABOUT_RETURN_TYPE = YES_ERROR;
				GCC_WARN_UNDECLARED_SELECTOR = YES;
				GCC_WARN_UNINITIALIZED_AUTOS = YES_AGGRESSIVE;
				GCC_WARN_UNUSED_FUNCTION = YES;
				GCC_WARN_UNUSED_VARIABLE = YES;
				IPHONEOS_DEPLOYMENT_TARGET = 14.4;
				MTL_ENABLE_DEBUG_INFO = INCLUDE_SOURCE;
				MTL_FAST_MATH = YES;
				ONLY_ACTIVE_ARCH = YES;
				SDKROOT = iphoneos;
				SWIFT_ACTIVE_COMPILATION_CONDITIONS = DEBUG;
				SWIFT_OPTIMIZATION_LEVEL = "-Onone";
			};
			name = Debug;
		};
		F47CC6FB25DBEFB600B3532D /* Release */ = {
			isa = XCBuildConfiguration;
			buildSettings = {
				ALWAYS_SEARCH_USER_PATHS = NO;
				CLANG_ANALYZER_NONNULL = YES;
				CLANG_ANALYZER_NUMBER_OBJECT_CONVERSION = YES_AGGRESSIVE;
				CLANG_CXX_LANGUAGE_STANDARD = "gnu++14";
				CLANG_CXX_LIBRARY = "libc++";
				CLANG_ENABLE_MODULES = YES;
				CLANG_ENABLE_OBJC_ARC = YES;
				CLANG_ENABLE_OBJC_WEAK = YES;
				CLANG_WARN_BLOCK_CAPTURE_AUTORELEASING = YES;
				CLANG_WARN_BOOL_CONVERSION = YES;
				CLANG_WARN_COMMA = YES;
				CLANG_WARN_CONSTANT_CONVERSION = YES;
				CLANG_WARN_DEPRECATED_OBJC_IMPLEMENTATIONS = YES;
				CLANG_WARN_DIRECT_OBJC_ISA_USAGE = YES_ERROR;
				CLANG_WARN_DOCUMENTATION_COMMENTS = YES;
				CLANG_WARN_EMPTY_BODY = YES;
				CLANG_WARN_ENUM_CONVERSION = YES;
				CLANG_WARN_INFINITE_RECURSION = YES;
				CLANG_WARN_INT_CONVERSION = YES;
				CLANG_WARN_NON_LITERAL_NULL_CONVERSION = YES;
				CLANG_WARN_OBJC_IMPLICIT_RETAIN_SELF = YES;
				CLANG_WARN_OBJC_LITERAL_CONVERSION = YES;
				CLANG_WARN_OBJC_ROOT_CLASS = YES_ERROR;
				CLANG_WARN_QUOTED_INCLUDE_IN_FRAMEWORK_HEADER = YES;
				CLANG_WARN_RANGE_LOOP_ANALYSIS = YES;
				CLANG_WARN_STRICT_PROTOTYPES = YES;
				CLANG_WARN_SUSPICIOUS_MOVE = YES;
				CLANG_WARN_UNGUARDED_AVAILABILITY = YES_AGGRESSIVE;
				CLANG_WARN_UNREACHABLE_CODE = YES;
				CLANG_WARN__DUPLICATE_METHOD_MATCH = YES;
				COPY_PHASE_STRIP = NO;
				DEBUG_INFORMATION_FORMAT = "dwarf-with-dsym";
				ENABLE_NS_ASSERTIONS = NO;
				ENABLE_STRICT_OBJC_MSGSEND = YES;
				GCC_C_LANGUAGE_STANDARD = gnu11;
				GCC_NO_COMMON_BLOCKS = YES;
				GCC_WARN_64_TO_32_BIT_CONVERSION = YES;
				GCC_WARN_ABOUT_RETURN_TYPE = YES_ERROR;
				GCC_WARN_UNDECLARED_SELECTOR = YES;
				GCC_WARN_UNINITIALIZED_AUTOS = YES_AGGRESSIVE;
				GCC_WARN_UNUSED_FUNCTION = YES;
				GCC_WARN_UNUSED_VARIABLE = YES;
				IPHONEOS_DEPLOYMENT_TARGET = 14.4;
				MTL_ENABLE_DEBUG_INFO = NO;
				MTL_FAST_MATH = YES;
				SDKROOT = iphoneos;
				SWIFT_COMPILATION_MODE = wholemodule;
				SWIFT_OPTIMIZATION_LEVEL = "-O";
				VALIDATE_PRODUCT = YES;
			};
			name = Release;
		};
		F47CC6FD25DBEFB600B3532D /* Debug */ = {
			isa = XCBuildConfiguration;
			buildSettings = {
				ASSETCATALOG_COMPILER_APPICON_NAME = AppIcon;
				ASSETCATALOG_COMPILER_GLOBAL_ACCENT_COLOR_NAME = AccentColor;
				CODE_SIGN_STYLE = Automatic;
				DEVELOPMENT_TEAM = RL5BBPD6GB;
				INFOPLIST_FILE = Consolidation4/Info.plist;
				LD_RUNPATH_SEARCH_PATHS = (
					"$(inherited)",
					"@executable_path/Frameworks",
				);
				PRODUCT_BUNDLE_IDENTIFIER = com.alxdvdsn.Consolidation4;
				PRODUCT_NAME = "$(TARGET_NAME)";
				SWIFT_VERSION = 5.0;
				TARGETED_DEVICE_FAMILY = "1,2";
			};
			name = Debug;
		};
		F47CC6FE25DBEFB600B3532D /* Release */ = {
			isa = XCBuildConfiguration;
			buildSettings = {
				ASSETCATALOG_COMPILER_APPICON_NAME = AppIcon;
				ASSETCATALOG_COMPILER_GLOBAL_ACCENT_COLOR_NAME = AccentColor;
				CODE_SIGN_STYLE = Automatic;
				DEVELOPMENT_TEAM = RL5BBPD6GB;
				INFOPLIST_FILE = Consolidation4/Info.plist;
				LD_RUNPATH_SEARCH_PATHS = (
					"$(inherited)",
					"@executable_path/Frameworks",
				);
				PRODUCT_BUNDLE_IDENTIFIER = com.alxdvdsn.Consolidation4;
				PRODUCT_NAME = "$(TARGET_NAME)";
				SWIFT_VERSION = 5.0;
				TARGETED_DEVICE_FAMILY = "1,2";
			};
			name = Release;
		};
/* End XCBuildConfiguration section */

/* Begin XCConfigurationList section */
		F47CC6E325DBEFB300B3532D /* Build configuration list for PBXProject "Consolidation4" */ = {
			isa = XCConfigurationList;
			buildConfigurations = (
				F47CC6FA25DBEFB600B3532D /* Debug */,
				F47CC6FB25DBEFB600B3532D /* Release */,
			);
			defaultConfigurationIsVisible = 0;
			defaultConfigurationName = Release;
		};
		F47CC6FC25DBEFB600B3532D /* Build configuration list for PBXNativeTarget "Consolidation4" */ = {
			isa = XCConfigurationList;
			buildConfigurations = (
				F47CC6FD25DBEFB600B3532D /* Debug */,
				F47CC6FE25DBEFB600B3532D /* Release */,
			);
			defaultConfigurationIsVisible = 0;
			defaultConfigurationName = Release;
		};
/* End XCConfigurationList section */
	};
	rootObject = F47CC6E025DBEFB300B3532D /* Project object */;
}
